# This file is automatically @generated by Cargo.
# It is not intended for manual editing.
[[package]]
name = "compute"
version = "0.1.0"
dependencies = [
 "input",
]

[[package]]
name = "executive"
version = "0.1.0"
dependencies = [
 "compute",
 "input",
 "output",
]

[[package]]
name = "input"
version = "0.1.0"

[[package]]
name = "output"
version = "0.1.0"
dependencies = [
 "compute",
]
